
Microsoft Visual Studio Solution File, Format Version 12.00
# Visual Studio 15
VisualStudioVersion = 15.0.26228.12
MinimumVisualStudioVersion = 10.0.40219.1
Project("{FAE04EC0-301F-11D3-BF4B-00C04F79EFBC}") = "LargestPalindromeProduct", "LargestPalindromeProduct\LargestPalindromeProduct.csproj", "{EB9A5AE9-E2A9-4CCA-AB0B-69D5AFB3C5DF}"
EndProject
Global
	GlobalSection(SolutionConfigurationPlatforms) = preSolution
		Debug|Any CPU = Debug|Any CPU
		Release|Any CPU = Release|Any CPU
	EndGlobalSection
	GlobalSection(ProjectConfigurationPlatforms) = postSolution
		{EB9A5AE9-E2A9-4CCA-AB0B-69D5AFB3C5DF}.Debug|Any CPU.ActiveCfg = Debug|Any CPU
		{EB9A5AE9-E2A9-4CCA-AB0B-69D5AFB3C5DF}.Debug|Any CPU.Build.0 = Debug|Any CPU
		{EB9A5AE9-E2A9-4CCA-AB0B-69D5AFB3C5DF}.Release|Any CPU.ActiveCfg = Release|Any CPU
		{EB9A5AE9-E2A9-4CCA-AB0B-69D5AFB3C5DF}.Release|Any CPU.Build.0 = Release|Any CPU
	EndGlobalSection
	GlobalSection(SolutionProperties) = preSolution
		HideSolutionNode = FALSE
	EndGlobalSection
EndGlobal
